
Microsoft Visual Studio Solution File, Format Version 11.00
# Visual C++ Express 2010
Project("{8BC9CEB8-8B4A-11D0-8D11-00A0C91BC942}") = "pointers practice", "pointers practice\pointers practice.vcxproj", "{FD8BABF9-3154-42CB-8906-80B8E31FEFD4}"
EndProject
Global
	GlobalSection(SolutionConfigurationPlatforms) = preSolution
		Debug|Win32 = Debug|Win32
		Release|Win32 = Release|Win32
	EndGlobalSection
	GlobalSection(ProjectConfigurationPlatforms) = postSolution
		{FD8BABF9-3154-42CB-8906-80B8E31FEFD4}.Debug|Win32.ActiveCfg = Debug|Win32
		{FD8BABF9-3154-42CB-8906-80B8E31FEFD4}.Debug|Win32.Build.0 = Debug|Win32
		{FD8BABF9-3154-42CB-8906-80B8E31FEFD4}.Release|Win32.ActiveCfg = Release|Win32
		{FD8BABF9-3154-42CB-8906-80B8E31FEFD4}.Release|Win32.Build.0 = Release|Win32
	EndGlobalSection
	GlobalSection(SolutionProperties) = preSolution
		HideSolutionNode = FALSE
	EndGlobalSection
EndGlobal
